{
  "name": "my-vercel-website",
  "lockfileVersion": 3,
  "requires": true,
  "packages": {
    "": {
      "dependencies": {
        "exiftool-vendored": "^30.2.0"
      }
    },
    "node_modules/@photostructure/tz-lookup": {
      "version": "11.2.1",
      "resolved": "https://registry.npmjs.org/@photostructure/tz-lookup/-/tz-lookup-11.2.1.tgz",
      "integrity": "sha512-ugPtvpdLwGQ8IWezSGFgUCYOpO/XXetfKLNv+UN2jjTYyfIDq9dA21GydGyzXuoQ06nN3VGBd3JxmEu+ZtXScg==",
      "license": "CC0-1.0"
    },
    "node_modules/@types/luxon": {
      "version": "3.7.1",
      "resolved": "https://registry.npmjs.org/@types/luxon/-/luxon-3.7.1.tgz",
      "integrity": "sha512-H3iskjFIAn5SlJU7OuxUmTEpebK6TKB8rxZShDslBMZJ5u9S//KM1sbdAisiSrqwLQncVjnpi2OK2J51h+4lsg==",
      "license": "MIT"
    },
    "node_modules/batch-cluster": {
      "version": "14.0.0",
      "resolved": "https://registry.npmjs.org/batch-cluster/-/batch-cluster-14.0.0.tgz",
      "integrity": "sha512-tymryLKMSho+WAaYiVQCMQ9SNHOrNDKO+J8l89RyICkSwK05XknrILAPUz6ABWa8MZOoTbLpIxFCFfyBTZGrIA==",
      "license": "MIT",
      "engines": {
        "node": ">=20"
      }
    },
    "node_modules/exiftool-vendored": {
      "version": "30.2.0",
      "resolved": "https://registry.npmjs.org/exiftool-vendored/-/exiftool-vendored-30.2.0.tgz",
      "integrity": "sha512-WXLQn+E7bZapIpjf1q4pjzw8xOZUl3YWACgYQykHFvwLAihF6koDTMQTn6bv07wsFVN1OekmclLLHD5K531s5g==",
      "license": "MIT",
      "dependencies": {
        "@photostructure/tz-lookup": "^11.2.0",
        "@types/luxon": "^3.6.2",
        "batch-cluster": "^14.0.0",
        "he": "^1.2.0",
        "luxon": "^3.6.1"
      },
      "optionalDependencies": {
        "exiftool-vendored.exe": "13.30.0",
        "exiftool-vendored.pl": "13.30.0"
      }
    },
    "node_modules/exiftool-vendored.exe": {
      "version": "13.30.0",
      "resolved": "https://registry.npmjs.org/exiftool-vendored.exe/-/exiftool-vendored.exe-13.30.0.tgz",
      "integrity": "sha512-E6vxhCDJ+8avB7SFKlUZxfsxYcO1+T5ynCjbnXl2NcLhmvjgLIBlwXPjTLRNUKpqrgxdUirn7rAnY0i5fSNPPA==",
      "license": "MIT",
      "optional": true,
      "os": [
        "win32"
      ]
    },
    "node_modules/exiftool-vendored.pl": {
      "version": "13.30.0",
      "resolved": "https://registry.npmjs.org/exiftool-vendored.pl/-/exiftool-vendored.pl-13.30.0.tgz",
      "integrity": "sha512-sz98jtSIOb+K5Z/jFTeSOyt0KTn3NCLpx7SqRZtCquUW2UJdIx1GxZItFcavS5YkWUHkH95EDshDH3nTL30mLg==",
      "license": "MIT",
      "optional": true,
      "os": [
        "!win32"
      ],
      "bin": {
        "exiftool": "bin/exiftool"
      }
    },
    "node_modules/he": {
      "version": "1.2.0",
      "resolved": "https://registry.npmjs.org/he/-/he-1.2.0.tgz",
      "integrity": "sha512-F/1DnUGPopORZi0ni+CvrCgHQ5FyEAHRLSApuYWMmrbSwoN2Mn/7k+Gl38gJnR7yyDZk6WLXwiGod1JOWNDKGw==",
      "license": "MIT",
      "bin": {
        "he": "bin/he"
      }
    },
    "node_modules/luxon": {
      "version": "3.7.1",
      "resolved": "https://registry.npmjs.org/luxon/-/luxon-3.7.1.tgz",
      "integrity": "sha512-RkRWjA926cTvz5rAb1BqyWkKbbjzCGchDUIKMCUvNi17j6f6j8uHGDV82Aqcqtzd+icoYpELmG3ksgGiFNNcNg==",
      "license": "MIT",
      "engines": {
        "node": ">=12"
      }
    }
  }
}
